
Microsoft Visual Studio Solution File, Format Version 12.00
# Visual Studio 15
VisualStudioVersion = 15.0.27130.2026
MinimumVisualStudioVersion = 10.0.40219.1
Project("{FAE04EC0-301F-11D3-BF4B-00C04F79EFBC}") = "Practica_1_EDT", "Practica_1_EDT\Practica_1_EDT.csproj", "{73CEA6DF-9D76-4916-82EA-D7E57008C8FE}"
EndProject
Global
	GlobalSection(SolutionConfigurationPlatforms) = preSolution
		Debug|Any CPU = Debug|Any CPU
		Release|Any CPU = Release|Any CPU
	EndGlobalSection
	GlobalSection(ProjectConfigurationPlatforms) = postSolution
		{73CEA6DF-9D76-4916-82EA-D7E57008C8FE}.Debug|Any CPU.ActiveCfg = Debug|Any CPU
		{73CEA6DF-9D76-4916-82EA-D7E57008C8FE}.Debug|Any CPU.Build.0 = Debug|Any CPU
		{73CEA6DF-9D76-4916-82EA-D7E57008C8FE}.Release|Any CPU.ActiveCfg = Release|Any CPU
		{73CEA6DF-9D76-4916-82EA-D7E57008C8FE}.Release|Any CPU.Build.0 = Release|Any CPU
	EndGlobalSection
	GlobalSection(SolutionProperties) = preSolution
		HideSolutionNode = FALSE
	EndGlobalSection
	GlobalSection(ExtensibilityGlobals) = postSolution
		SolutionGuid = {52480FD7-448E-4798-90B0-A96953C43783}
	EndGlobalSection
EndGlobal
