
Microsoft Visual Studio Solution File, Format Version 12.00
# Visual Studio 15
VisualStudioVersion = 15.0.26730.12
MinimumVisualStudioVersion = 10.0.40219.1
Project("{FAE04EC0-301F-11D3-BF4B-00C04F79EFBC}") = "Practica_2_EDT", "Practica_2_EDT\Practica_2_EDT.csproj", "{F695C10D-F16F-4BA2-81B2-BA4BDB20EEFA}"
EndProject
Global
	GlobalSection(SolutionConfigurationPlatforms) = preSolution
		Debug|Any CPU = Debug|Any CPU
		Release|Any CPU = Release|Any CPU
	EndGlobalSection
	GlobalSection(ProjectConfigurationPlatforms) = postSolution
		{F695C10D-F16F-4BA2-81B2-BA4BDB20EEFA}.Debug|Any CPU.ActiveCfg = Debug|Any CPU
		{F695C10D-F16F-4BA2-81B2-BA4BDB20EEFA}.Debug|Any CPU.Build.0 = Debug|Any CPU
		{F695C10D-F16F-4BA2-81B2-BA4BDB20EEFA}.Release|Any CPU.ActiveCfg = Release|Any CPU
		{F695C10D-F16F-4BA2-81B2-BA4BDB20EEFA}.Release|Any CPU.Build.0 = Release|Any CPU
	EndGlobalSection
	GlobalSection(SolutionProperties) = preSolution
		HideSolutionNode = FALSE
	EndGlobalSection
	GlobalSection(ExtensibilityGlobals) = postSolution
		SolutionGuid = {66A17D37-23AC-4455-AA74-D996C8E9E90B}
	EndGlobalSection
EndGlobal
